// !$*UTF8*$!
{
	archiveVersion = 1;
	classes = {
	};
	objectVersion = 46;
	objects = {

/* Begin PBXBuildFile section */
		064806611F6A209100F3B2FB /* AppDelegate.swift in Sources */ = {isa = PBXBuildFile; fileRef = 064806601F6A209100F3B2FB /* AppDelegate.swift */; };
		064806631F6A209100F3B2FB /* ViewController.swift in Sources */ = {isa = PBXBuildFile; fileRef = 064806621F6A209100F3B2FB /* ViewController.swift */; };
		064806661F6A209100F3B2FB /* Main.storyboard in Resources */ = {isa = PBXBuildFile; fileRef = 064806641F6A209100F3B2FB /* Main.storyboard */; };
		064806681F6A209100F3B2FB /* Assets.xcassets in Resources */ = {isa = PBXBuildFile; fileRef = 064806671F6A209100F3B2FB /* Assets.xcassets */; };
		0648066B1F6A209100F3B2FB /* LaunchScreen.storyboard in Resources */ = {isa = PBXBuildFile; fileRef = 064806691F6A209100F3B2FB /* LaunchScreen.storyboard */; };
/* End PBXBuildFile section */

/* Begin PBXFileReference section */
		0648065D1F6A209100F3B2FB /* MyTumblr.app */ = {isa = PBXFileReference; explicitFileType = wrapper.application; includeInIndex = 0; path = MyTumblr.app; sourceTree = BUILT_PRODUCTS_DIR; };
		064806601F6A209100F3B2FB /* AppDelegate.swift */ = {isa = PBXFileReference; lastKnownFileType = sourcecode.swift; path = AppDelegate.swift; sourceTree = "<group>"; };
		064806621F6A209100F3B2FB /* ViewController.swift */ = {isa = PBXFileReference; lastKnownFileType = sourcecode.swift; path = ViewController.swift; sourceTree = "<group>"; };
		064806651F6A209100F3B2FB /* Base */ = {isa = PBXFileReference; lastKnownFileType = file.storyboard; name = Base; path = Base.lproj/Main.storyboard; sourceTree = "<group>"; };
		064806671F6A209100F3B2FB /* Assets.xcassets */ = {isa = PBXFileReference; lastKnownFileType = folder.assetcatalog; path = Assets.xcassets; sourceTree = "<group>"; };
		0648066A1F6A209100F3B2FB /* Base */ = {isa = PBXFileReference; lastKnownFileType = file.storyboard; name = Base; path = Base.lproj/LaunchScreen.storyboard; sourceTree = "<group>"; };
		0648066C1F6A209100F3B2FB /* Info.plist */ = {isa = PBXFileReference; lastKnownFileType = text.plist.xml; path = Info.plist; sourceTree = "<group>"; };
/* End PBXFileReference section */

/* Begin PBXFrameworksBuildPhase section */
		0648065A1F6A209100F3B2FB /* Frameworks */ = {
			isa = PBXFrameworksBuildPhase;
			buildActionMask = 2147483647;
			files = (
			);
			runOnlyForDeploymentPostprocessing = 0;
		};
/* End PBXFrameworksBuildPhase section */

/* Begin PBXGroup section */
		064806541F6A209100F3B2FB = {
			isa = PBXGroup;
			children = (
				0648065F1F6A209100F3B2FB /* MyTumblr */,
				0648065E1F6A209100F3B2FB /* Products */,
			);
			sourceTree = "<group>";
		};
		0648065E1F6A209100F3B2FB /* Products */ = {
			isa = PBXGroup;
			children = (
				0648065D1F6A209100F3B2FB /* MyTumblr.app */,
			);
			name = Products;
			sourceTree = "<group>";
		};
		0648065F1F6A209100F3B2FB /* MyTumblr */ = {
			isa = PBXGroup;
			children = (
				064806601F6A209100F3B2FB /* AppDelegate.swift */,
				064806621F6A209100F3B2FB /* ViewController.swift */,
				064806641F6A209100F3B2FB /* Main.storyboard */,
				064806671F6A209100F3B2FB /* Assets.xcassets */,
				064806691F6A209100F3B2FB /* LaunchScreen.storyboard */,
				0648066C1F6A209100F3B2FB /* Info.plist */,
			);
			path = MyTumblr;
			sourceTree = "<group>";
		};
/* End PBXGroup section */

/* Begin PBXNativeTarget section */
		0648065C1F6A209100F3B2FB /* MyTumblr */ = {
			isa = PBXNativeTarget;
			buildConfigurationList = 0648066F1F6A209100F3B2FB /* Build configuration list for PBXNativeTarget "MyTumblr" */;
			buildPhases = (
				064806591F6A209100F3B2FB /* Sources */,
				0648065A1F6A209100F3B2FB /* Frameworks */,
				0648065B1F6A209100F3B2FB /* Resources */,
			);
			buildRules = (
			);
			dependencies = (
			);
			name = MyTumblr;
			productName = MyTumblr;
			productReference = 0648065D1F6A209100F3B2FB /* MyTumblr.app */;
			productType = "com.apple.product-type.application";
		};
/* End PBXNativeTarget section */

/* Begin PBXProject section */
		064806551F6A209100F3B2FB /* Project object */ = {
			isa = PBXProject;
			attributes = {
				LastSwiftUpdateCheck = 0800;
				LastUpgradeCheck = 0800;
				ORGANIZATIONNAME = "Kavita Gaitonde";
				TargetAttributes = {
					0648065C1F6A209100F3B2FB = {
						CreatedOnToolsVersion = 8.0;
						ProvisioningStyle = Automatic;
					};
				};
			};
			buildConfigurationList = 064806581F6A209100F3B2FB /* Build configuration list for PBXProject "MyTumblr" */;
			compatibilityVersion = "Xcode 3.2";
			developmentRegion = English;
			hasScannedForEncodings = 0;
			knownRegions = (
				en,
				Base,
			);
			mainGroup = 064806541F6A209100F3B2FB;
			productRefGroup = 0648065E1F6A209100F3B2FB /* Products */;
			projectDirPath = "";
			projectRoot = "";
			targets = (
				0648065C1F6A209100F3B2FB /* MyTumblr */,
			);
		};
/* End PBXProject section */

/* Begin PBXResourcesBuildPhase section */
		0648065B1F6A209100F3B2FB /* Resources */ = {
			isa = PBXResourcesBuildPhase;
			buildActionMask = 2147483647;
			files = (
				0648066B1F6A209100F3B2FB /* LaunchScreen.storyboard in Resources */,
				064806681F6A209100F3B2FB /* Assets.xcassets in Resources */,
				064806661F6A209100F3B2FB /* Main.storyboard in Resources */,
			);
			runOnlyForDeploymentPostprocessing = 0;
		};
/* End PBXResourcesBuildPhase section */

/* Begin PBXSourcesBuildPhase section */
		064806591F6A209100F3B2FB /* Sources */ = {
			isa = PBXSourcesBuildPhase;
			buildActionMask = 2147483647;
			files = (
				064806631F6A209100F3B2FB /* ViewController.swift in Sources */,
				064806611F6A209100F3B2FB /* AppDelegate.swift in Sources */,
			);
			runOnlyForDeploymentPostprocessing = 0;
		};
/* End PBXSourcesBuildPhase section */

/* Begin PBXVariantGroup section */
		064806641F6A209100F3B2FB /* Main.storyboard */ = {
			isa = PBXVariantGroup;
			children = (
				064806651F6A209100F3B2FB /* Base */,
			);
			name = Main.storyboard;
			sourceTree = "<group>";
		};
		064806691F6A209100F3B2FB /* LaunchScreen.storyboard */ = {
			isa = PBXVariantGroup;
			children = (
				0648066A1F6A209100F3B2FB /* Base */,
			);
			name = LaunchScreen.storyboard;
			sourceTree = "<group>";
		};
/* End PBXVariantGroup section */

/* Begin XCBuildConfiguration section */
		0648066D1F6A209100F3B2FB /* Debug */ = {
			isa = XCBuildConfiguration;
			buildSettings = {
				ALWAYS_SEARCH_USER_PATHS = NO;
				CLANG_ANALYZER_NONNULL = YES;
				CLANG_CXX_LANGUAGE_STANDARD = "gnu++0x";
				CLANG_CXX_LIBRARY = "libc++";
				CLANG_ENABLE_MODULES = YES;
				CLANG_ENABLE_OBJC_ARC = YES;
				CLANG_WARN_BOOL_CONVERSION = YES;
				CLANG_WARN_CONSTANT_CONVERSION = YES;
				CLANG_WARN_DIRECT_OBJC_ISA_USAGE = YES_ERROR;
				CLANG_WARN_DOCUMENTATION_COMMENTS = YES;
				CLANG_WARN_EMPTY_BODY = YES;
				CLANG_WARN_ENUM_CONVERSION = YES;
				CLANG_WARN_INFINITE_RECURSION = YES;
				CLANG_WARN_INT_CONVERSION = YES;
				CLANG_WARN_OBJC_ROOT_CLASS = YES_ERROR;
				CLANG_WARN_SUSPICIOUS_MOVES = YES;
				CLANG_WARN_UNREACHABLE_CODE = YES;
				CLANG_WARN__DUPLICATE_METHOD_MATCH = YES;
				"CODE_SIGN_IDENTITY[sdk=iphoneos*]" = "iPhone Developer";
				COPY_PHASE_STRIP = NO;
				DEBUG_INFORMATION_FORMAT = dwarf;
				ENABLE_STRICT_OBJC_MSGSEND = YES;
				ENABLE_TESTABILITY = YES;
				GCC_C_LANGUAGE_STANDARD = gnu99;
				GCC_DYNAMIC_NO_PIC = NO;
				GCC_NO_COMMON_BLOCKS = YES;
				GCC_OPTIMIZATION_LEVEL = 0;
				GCC_PREPROCESSOR_DEFINITIONS = (
					"DEBUG=1",
					"$(inherited)",
				);
				GCC_WARN_64_TO_32_BIT_CONVERSION = YES;
				GCC_WARN_ABOUT_RETURN_TYPE = YES_ERROR;
				GCC_WARN_UNDECLARED_SELECTOR = YES;
				GCC_WARN_UNINITIALIZED_AUTOS = YES_AGGRESSIVE;
				GCC_WARN_UNUSED_FUNCTION = YES;
				GCC_WARN_UNUSED_VARIABLE = YES;
				IPHONEOS_DEPLOYMENT_TARGET = 10.0;
				MTL_ENABLE_DEBUG_INFO = YES;
				ONLY_ACTIVE_ARCH = YES;
				SDKROOT = iphoneos;
				SWIFT_ACTIVE_COMPILATION_CONDITIONS = DEBUG;
				SWIFT_OPTIMIZATION_LEVEL = "-Onone";
			};
			name = Debug;
		};
		0648066E1F6A209100F3B2FB /* Release */ = {
			isa = XCBuildConfiguration;
			buildSettings = {
				ALWAYS_SEARCH_USER_PATHS = NO;
				CLANG_ANALYZER_NONNULL = YES;
				CLANG_CXX_LANGUAGE_STANDARD = "gnu++0x";
				CLANG_CXX_LIBRARY = "libc++";
				CLANG_ENABLE_MODULES = YES;
				CLANG_ENABLE_OBJC_ARC = YES;
				CLANG_WARN_BOOL_CONVERSION = YES;
				CLANG_WARN_CONSTANT_CONVERSION = YES;
				CLANG_WARN_DIRECT_OBJC_ISA_USAGE = YES_ERROR;
				CLANG_WARN_DOCUMENTATION_COMMENTS = YES;
				CLANG_WARN_EMPTY_BODY = YES;
				CLANG_WARN_ENUM_CONVERSION = YES;
				CLANG_WARN_INFINITE_RECURSION = YES;
				CLANG_WARN_INT_CONVERSION = YES;
				CLANG_WARN_OBJC_ROOT_CLASS = YES_ERROR;
				CLANG_WARN_SUSPICIOUS_MOVES = YES;
				CLANG_WARN_UNREACHABLE_CODE = YES;
				CLANG_WARN__DUPLICATE_METHOD_MATCH = YES;
				"CODE_SIGN_IDENTITY[sdk=iphoneos*]" = "iPhone Developer";
				COPY_PHASE_STRIP = NO;
				DEBUG_INFORMATION_FORMAT = "dwarf-with-dsym";
				ENABLE_NS_ASSERTIONS = NO;
				ENABLE_STRICT_OBJC_MSGSEND = YES;
				GCC_C_LANGUAGE_STANDARD = gnu99;
				GCC_NO_COMMON_BLOCKS = YES;
				GCC_WARN_64_TO_32_BIT_CONVERSION = YES;
				GCC_WARN_ABOUT_RETURN_TYPE = YES_ERROR;
				GCC_WARN_UNDECLARED_SELECTOR = YES;
				GCC_WARN_UNINITIALIZED_AUTOS = YES_AGGRESSIVE;
				GCC_WARN_UNUSED_FUNCTION = YES;
				GCC_WARN_UNUSED_VARIABLE = YES;
				IPHONEOS_DEPLOYMENT_TARGET = 10.0;
				MTL_ENABLE_DEBUG_INFO = NO;
				SDKROOT = iphoneos;
				SWIFT_OPTIMIZATION_LEVEL = "-Owholemodule";
				VALIDATE_PRODUCT = YES;
			};
			name = Release;
		};
		064806701F6A209100F3B2FB /* Debug */ = {
			isa = XCBuildConfiguration;
			buildSettings = {
				ASSETCATALOG_COMPILER_APPICON_NAME = AppIcon;
				INFOPLIST_FILE = MyTumblr/Info.plist;
				LD_RUNPATH_SEARCH_PATHS = "$(inherited) @executable_path/Frameworks";
				PRODUCT_BUNDLE_IDENTIFIER = com.kavitagaitonde.MyTumblr;
				PRODUCT_NAME = "$(TARGET_NAME)";
				SWIFT_VERSION = 3.0;
			};
			name = Debug;
		};
		064806711F6A209100F3B2FB /* Release */ = {
			isa = XCBuildConfiguration;
			buildSettings = {
				ASSETCATALOG_COMPILER_APPICON_NAME = AppIcon;
				INFOPLIST_FILE = MyTumblr/Info.plist;
				LD_RUNPATH_SEARCH_PATHS = "$(inherited) @executable_path/Frameworks";
				PRODUCT_BUNDLE_IDENTIFIER = com.kavitagaitonde.MyTumblr;
				PRODUCT_NAME = "$(TARGET_NAME)";
				SWIFT_VERSION = 3.0;
			};
			name = Release;
		};
/* End XCBuildConfiguration section */

/* Begin XCConfigurationList section */
		064806581F6A209100F3B2FB /* Build configuration list for PBXProject "MyTumblr" */ = {
			isa = XCConfigurationList;
			buildConfigurations = (
				0648066D1F6A209100F3B2FB /* Debug */,
				0648066E1F6A209100F3B2FB /* Release */,
			);
			defaultConfigurationIsVisible = 0;
			defaultConfigurationName = Release;
		};
		0648066F1F6A209100F3B2FB /* Build configuration list for PBXNativeTarget "MyTumblr" */ = {
			isa = XCConfigurationList;
			buildConfigurations = (
				064806701F6A209100F3B2FB /* Debug */,
				064806711F6A209100F3B2FB /* Release */,
			);
			defaultConfigurationIsVisible = 0;
		};
/* End XCConfigurationList section */
	};
	rootObject = 064806551F6A209100F3B2FB /* Project object */;
}
